PODS:
  - apple_sign_in (0.0.1):
    - Flutter
  - device_info (0.0.1):
    - Flutter
  - Flutter (1.0.0)
  - flutter_web_auth (0.2.1):
    - Flutter

DEPENDENCIES:
  - apple_sign_in (from `.symlinks/plugins/apple_sign_in/ios`)
  - device_info (from `.symlinks/plugins/device_info/ios`)
  - Flutter (from `Flutter`)
  - flutter_web_auth (from `.symlinks/plugins/flutter_web_auth/ios`)

EXTERNAL SOURCES:
  apple_sign_in:
    :path: ".symlinks/plugins/apple_sign_in/ios"
  device_info:
    :path: ".symlinks/plugins/device_info/ios"
  Flutter:
    :path: Flutter
  flutter_web_auth:
    :path: ".symlinks/plugins/flutter_web_auth/ios"

SPEC CHECKSUMS:
  apple_sign_in: 7716c7ddfa195aeab7dec0dc374ef4ff45d1adb4
  device_info: d7d233b645a32c40dfdc212de5cf646ca482f175
  Flutter: 0e3d915762c693b495b44d77113d4970485de6ec
  flutter_web_auth: aad7083d062777f18643b844ed875643657ef6e8

PODFILE CHECKSUM: 1b66dae606f75376c5f2135a8290850eeb09ae83

COCOAPODS: 1.8.4
